// !$*UTF8*$!
{
	archiveVersion = 1;
	classes = {
	};
	objectVersion = 51;
	objects = {

/* Begin PBXBuildFile section */
		5A0E685424C515700095D605 /* AppDelegate.swift in Sources */ = {isa = PBXBuildFile; fileRef = 5A0E685324C515700095D605 /* AppDelegate.swift */; };
		5A0E685924C515700095D605 /* SceneDelegate.swift in Sources */ = {isa = PBXBuildFile; fileRef = 5A0E685824C515700095D605 /* SceneDelegate.swift */; };
		5A0E685B24C515700095D605 /* MasterViewController.swift in Sources */ = {isa = PBXBuildFile; fileRef = 5A0E685A24C515700095D605 /* MasterViewController.swift */; };
		5A0E685D24C515700095D605 /* DetailViewController.swift in Sources */ = {isa = PBXBuildFile; fileRef = 5A0E685C24C515700095D605 /* DetailViewController.swift */; };
		5A0E686024C515700095D605 /* Main.storyboard in Resources */ = {isa = PBXBuildFile; fileRef = 5A0E685E24C515700095D605 /* Main.storyboard */; };
		5A0E686224C515720095D605 /* Assets.xcassets in Resources */ = {isa = PBXBuildFile; fileRef = 5A0E686124C515720095D605 /* Assets.xcassets */; };
		5A0E686524C515720095D605 /* LaunchScreen.storyboard in Resources */ = {isa = PBXBuildFile; fileRef = 5A0E686324C515720095D605 /* LaunchScreen.storyboard */; };
		5A0E686D24C515FF0095D605 /* my_variables.swift in Sources */ = {isa = PBXBuildFile; fileRef = 5A0E686C24C515FF0095D605 /* my_variables.swift */; };
		5A0E689424C79BA80095D605 /* readME.text in Resources */ = {isa = PBXBuildFile; fileRef = 5A0E689324C79BA80095D605 /* readME.text */; };
		5A1048AA24E125D90023DDFE /* popup.storyboard in Resources */ = {isa = PBXBuildFile; fileRef = 5A1048A924E125D90023DDFE /* popup.storyboard */; };
		5A1048AC24E126790023DDFE /* popupViewController.swift in Sources */ = {isa = PBXBuildFile; fileRef = 5A1048AB24E126790023DDFE /* popupViewController.swift */; };
		5A1048DF24ECC5270023DDFE /* password.swift in Sources */ = {isa = PBXBuildFile; fileRef = 5A1048DE24ECC5270023DDFE /* password.swift */; };
		5A151767250359400075E8D8 /* settingViewController.swift in Sources */ = {isa = PBXBuildFile; fileRef = 5A151766250359400075E8D8 /* settingViewController.swift */; };
		5A18CC322590F99F0016AB5A /* ReadME_for_Resource.txt in Resources */ = {isa = PBXBuildFile; fileRef = 5A18CC312590F99F0016AB5A /* ReadME_for_Resource.txt */; };
		5A26CB1325ACB3990055D429 /* GoogleService-Info.plist in Resources */ = {isa = PBXBuildFile; fileRef = 5A26CB1225ACB3990055D429 /* GoogleService-Info.plist */; };
		5A297DDF2566F67100CB8192 /* privacy_policyViewController.swift in Sources */ = {isa = PBXBuildFile; fileRef = 5A297DDE2566F67100CB8192 /* privacy_policyViewController.swift */; };
		5A297DE22566F6DC00CB8192 /* privacy_policy.storyboard in Resources */ = {isa = PBXBuildFile; fileRef = 5A297DE12566F6DC00CB8192 /* privacy_policy.storyboard */; };
		5A297DEA25678A6400CB8192 /* privacy_policy.html in Resources */ = {isa = PBXBuildFile; fileRef = 5A297DE925678A6400CB8192 /* privacy_policy.html */; };
		5A297DEE2567910E00CB8192 /* privacy_policy.css in Resources */ = {isa = PBXBuildFile; fileRef = 5A297DED2567910E00CB8192 /* privacy_policy.css */; };
		5A297DF92567984F00CB8192 /* production_philosophyViewController.swift in Sources */ = {isa = PBXBuildFile; fileRef = 5A297DF82567984F00CB8192 /* production_philosophyViewController.swift */; };
		5A297DFD2567988A00CB8192 /* production_philosophy.storyboard in Resources */ = {isa = PBXBuildFile; fileRef = 5A297DFC2567988A00CB8192 /* production_philosophy.storyboard */; };
		5A297E0225679B7600CB8192 /* production_philosophy.html in Resources */ = {isa = PBXBuildFile; fileRef = 5A297E0125679B7600CB8192 /* production_philosophy.html */; };
		5A297E0625679B8600CB8192 /* production_philosophy.css in Resources */ = {isa = PBXBuildFile; fileRef = 5A297E0525679B8600CB8192 /* production_philosophy.css */; };
		5A711E9D257673AC00E2A6B6 /* SignUpViewController.swift in Sources */ = {isa = PBXBuildFile; fileRef = 5A711E9C257673AC00E2A6B6 /* SignUpViewController.swift */; };
		5AA2A4F625C84F500033BF8E /* my_extensions.swift in Sources */ = {isa = PBXBuildFile; fileRef = 5AA2A4F525C84F500033BF8E /* my_extensions.swift */; };
		5AA2A4FB25C84F890033BF8E /* my_functions.swift in Sources */ = {isa = PBXBuildFile; fileRef = 5AA2A4FA25C84F890033BF8E /* my_functions.swift */; };
		5AA2A4FE25C84FA70033BF8E /* my_protocols.swift in Sources */ = {isa = PBXBuildFile; fileRef = 5AA2A4FD25C84FA70033BF8E /* my_protocols.swift */; };
		5AABF88424DBFE5600F096A8 /* CustomPresentationController.swift in Sources */ = {isa = PBXBuildFile; fileRef = 5AABF88324DBFE5600F096A8 /* CustomPresentationController.swift */; };
		5ABF907024CF946F00878070 /* study.xcdatamodeld in Sources */ = {isa = PBXBuildFile; fileRef = 5ABF906E24CF946F00878070 /* study.xcdatamodeld */; };
		5ACD0344250A309E0099E695 /* SETTING.storyboard in Resources */ = {isa = PBXBuildFile; fileRef = 5ACD0343250A309E0099E695 /* SETTING.storyboard */; };
		5AE43DFC2568476600F27F5A /* LogIO.storyboard in Resources */ = {isa = PBXBuildFile; fileRef = 5AE43DFB2568476600F27F5A /* LogIO.storyboard */; };
		5AE43DFF2568478300F27F5A /* LoginViewController.swift in Sources */ = {isa = PBXBuildFile; fileRef = 5AE43DFE2568478300F27F5A /* LoginViewController.swift */; };
		5AE43E06256847E500F27F5A /* LogoutViewController.swift in Sources */ = {isa = PBXBuildFile; fileRef = 5AE43E05256847E500F27F5A /* LogoutViewController.swift */; };
		5AE43E4A256CF0C200F27F5A /* terms_of_service_ViewController.swift in Sources */ = {isa = PBXBuildFile; fileRef = 5AE43E49256CF0C200F27F5A /* terms_of_service_ViewController.swift */; };
		5AE43E4D256CF10B00F27F5A /* terms_of_service.storyboard in Resources */ = {isa = PBXBuildFile; fileRef = 5AE43E4C256CF10B00F27F5A /* terms_of_service.storyboard */; };
		5AE43E52256CF28D00F27F5A /* terms_of_service.html in Resources */ = {isa = PBXBuildFile; fileRef = 5AE43E51256CF28D00F27F5A /* terms_of_service.html */; };
		5AE43E55256CF29800F27F5A /* terms_of_service.css in Resources */ = {isa = PBXBuildFile; fileRef = 5AE43E54256CF29800F27F5A /* terms_of_service.css */; };
		5AE43E5D256DB33B00F27F5A /* inquiry.html in Resources */ = {isa = PBXBuildFile; fileRef = 5AE43E5C256DB33B00F27F5A /* inquiry.html */; };
		5AE43E61256DB34500F27F5A /* inquiry.css in Resources */ = {isa = PBXBuildFile; fileRef = 5AE43E60256DB34500F27F5A /* inquiry.css */; };
		5AE43E65256DB36500F27F5A /* inquiry.storyboard in Resources */ = {isa = PBXBuildFile; fileRef = 5AE43E64256DB36500F27F5A /* inquiry.storyboard */; };
		5AE43E68256DB37E00F27F5A /* inquiryViewController.swift in Sources */ = {isa = PBXBuildFile; fileRef = 5AE43E67256DB37E00F27F5A /* inquiryViewController.swift */; };
		5AE43E6B256DB63D00F27F5A /* inquiry.js in Resources */ = {isa = PBXBuildFile; fileRef = 5AE43E6A256DB63D00F27F5A /* inquiry.js */; };
		5AE43E6E256FA85C00F27F5A /* infoViewController.swift in Sources */ = {isa = PBXBuildFile; fileRef = 5AE43E6D256FA85B00F27F5A /* infoViewController.swift */; };
		E603425F90563AD34A0C28DA /* Pods_study.framework in Frameworks */ = {isa = PBXBuildFile; fileRef = D5263820138CCBC062104038 /* Pods_study.framework */; };
/* End PBXBuildFile section */

/* Begin PBXFileReference section */
		3A955596D7178F0747FE0E03 /* Pods-study.release.xcconfig */ = {isa = PBXFileReference; includeInIndex = 1; lastKnownFileType = text.xcconfig; name = "Pods-study.release.xcconfig"; path = "Target Support Files/Pods-study/Pods-study.release.xcconfig"; sourceTree = "<group>"; };
		552E48418E4BEA27995C53D2 /* Pods-study.debug.xcconfig */ = {isa = PBXFileReference; includeInIndex = 1; lastKnownFileType = text.xcconfig; name = "Pods-study.debug.xcconfig"; path = "Target Support Files/Pods-study/Pods-study.debug.xcconfig"; sourceTree = "<group>"; };
		5A0E685024C515700095D605 /* ますラン.app */ = {isa = PBXFileReference; explicitFileType = wrapper.application; includeInIndex = 0; path = "ますラン.app"; sourceTree = BUILT_PRODUCTS_DIR; };
		5A0E685324C515700095D605 /* AppDelegate.swift */ = {isa = PBXFileReference; lastKnownFileType = sourcecode.swift; path = AppDelegate.swift; sourceTree = "<group>"; };
		5A0E685824C515700095D605 /* SceneDelegate.swift */ = {isa = PBXFileReference; lastKnownFileType = sourcecode.swift; path = SceneDelegate.swift; sourceTree = "<group>"; };
		5A0E685A24C515700095D605 /* MasterViewController.swift */ = {isa = PBXFileReference; lastKnownFileType = sourcecode.swift; path = MasterViewController.swift; sourceTree = "<group>"; };
		5A0E685C24C515700095D605 /* DetailViewController.swift */ = {isa = PBXFileReference; lastKnownFileType = sourcecode.swift; path = DetailViewController.swift; sourceTree = "<group>"; };
		5A0E685F24C515700095D605 /* Base */ = {isa = PBXFileReference; lastKnownFileType = file.storyboard; name = Base; path = Base.lproj/Main.storyboard; sourceTree = "<group>"; };
		5A0E686124C515720095D605 /* Assets.xcassets */ = {isa = PBXFileReference; lastKnownFileType = folder.assetcatalog; path = Assets.xcassets; sourceTree = "<group>"; };
		5A0E686424C515720095D605 /* Base */ = {isa = PBXFileReference; lastKnownFileType = file.storyboard; name = Base; path = Base.lproj/LaunchScreen.storyboard; sourceTree = "<group>"; };
		5A0E686624C515720095D605 /* Info.plist */ = {isa = PBXFileReference; lastKnownFileType = text.plist.xml; path = Info.plist; sourceTree = "<group>"; };
		5A0E686C24C515FF0095D605 /* my_variables.swift */ = {isa = PBXFileReference; lastKnownFileType = sourcecode.swift; path = my_variables.swift; sourceTree = "<group>"; };
		5A0E689324C79BA80095D605 /* readME.text */ = {isa = PBXFileReference; lastKnownFileType = net.daringfireball.markdown; path = readME.text; sourceTree = "<group>"; };
		5A1048A924E125D90023DDFE /* popup.storyboard */ = {isa = PBXFileReference; lastKnownFileType = file.storyboard; path = popup.storyboard; sourceTree = "<group>"; };
		5A1048AB24E126790023DDFE /* popupViewController.swift */ = {isa = PBXFileReference; lastKnownFileType = sourcecode.swift; path = popupViewController.swift; sourceTree = "<group>"; };
		5A1048DE24ECC5270023DDFE /* password.swift */ = {isa = PBXFileReference; lastKnownFileType = sourcecode.swift; path = password.swift; sourceTree = "<group>"; };
		5A151766250359400075E8D8 /* settingViewController.swift */ = {isa = PBXFileReference; lastKnownFileType = sourcecode.swift; path = settingViewController.swift; sourceTree = "<group>"; };
		5A18CC312590F99F0016AB5A /* ReadME_for_Resource.txt */ = {isa = PBXFileReference; lastKnownFileType = text; path = ReadME_for_Resource.txt; sourceTree = "<group>"; };
		5A26CAD425A103A20055D429 /* ja */ = {isa = PBXFileReference; lastKnownFileType = text.plist.strings; name = ja; path = ja.lproj/Main.strings; sourceTree = "<group>"; };
		5A26CAD525A103A30055D429 /* ja */ = {isa = PBXFileReference; lastKnownFileType = text.plist.strings; name = ja; path = ja.lproj/LaunchScreen.strings; sourceTree = "<group>"; };
		5A26CB1225ACB3990055D429 /* GoogleService-Info.plist */ = {isa = PBXFileReference; fileEncoding = 4; lastKnownFileType = text.plist.xml; path = "GoogleService-Info.plist"; sourceTree = "<group>"; };
		5A297DDE2566F67100CB8192 /* privacy_policyViewController.swift */ = {isa = PBXFileReference; lastKnownFileType = sourcecode.swift; path = privacy_policyViewController.swift; sourceTree = "<group>"; };
		5A297DE12566F6DC00CB8192 /* privacy_policy.storyboard */ = {isa = PBXFileReference; lastKnownFileType = file.storyboard; path = privacy_policy.storyboard; sourceTree = "<group>"; };
		5A297DE925678A6400CB8192 /* privacy_policy.html */ = {isa = PBXFileReference; fileEncoding = 4; lastKnownFileType = text.html; path = privacy_policy.html; sourceTree = "<group>"; };
		5A297DED2567910E00CB8192 /* privacy_policy.css */ = {isa = PBXFileReference; fileEncoding = 4; lastKnownFileType = text.css; path = privacy_policy.css; sourceTree = "<group>"; };
		5A297DF82567984F00CB8192 /* production_philosophyViewController.swift */ = {isa = PBXFileReference; lastKnownFileType = sourcecode.swift; path = production_philosophyViewController.swift; sourceTree = "<group>"; };
		5A297DFC2567988A00CB8192 /* production_philosophy.storyboard */ = {isa = PBXFileReference; lastKnownFileType = file.storyboard; path = production_philosophy.storyboard; sourceTree = "<group>"; };
		5A297E0125679B7600CB8192 /* production_philosophy.html */ = {isa = PBXFileReference; lastKnownFileType = text.html; path = production_philosophy.html; sourceTree = "<group>"; };
		5A297E0525679B8600CB8192 /* production_philosophy.css */ = {isa = PBXFileReference; lastKnownFileType = text.css; path = production_philosophy.css; sourceTree = "<group>"; };
		5A711E9C257673AC00E2A6B6 /* SignUpViewController.swift */ = {isa = PBXFileReference; lastKnownFileType = sourcecode.swift; path = SignUpViewController.swift; sourceTree = "<group>"; };
		5AA2A4F525C84F500033BF8E /* my_extensions.swift */ = {isa = PBXFileReference; lastKnownFileType = sourcecode.swift; path = my_extensions.swift; sourceTree = "<group>"; };
		5AA2A4FA25C84F890033BF8E /* my_functions.swift */ = {isa = PBXFileReference; lastKnownFileType = sourcecode.swift; path = my_functions.swift; sourceTree = "<group>"; };
		5AA2A4FD25C84FA70033BF8E /* my_protocols.swift */ = {isa = PBXFileReference; lastKnownFileType = sourcecode.swift; path = my_protocols.swift; sourceTree = "<group>"; };
		5AABF88324DBFE5600F096A8 /* CustomPresentationController.swift */ = {isa = PBXFileReference; lastKnownFileType = sourcecode.swift; path = CustomPresentationController.swift; sourceTree = "<group>"; };
		5ABF906F24CF946F00878070 /* study.xcdatamodel */ = {isa = PBXFileReference; lastKnownFileType = wrapper.xcdatamodel; path = study.xcdatamodel; sourceTree = "<group>"; };
		5ACD0343250A309E0099E695 /* SETTING.storyboard */ = {isa = PBXFileReference; lastKnownFileType = file.storyboard; path = SETTING.storyboard; sourceTree = "<group>"; };
		5AE43DFB2568476600F27F5A /* LogIO.storyboard */ = {isa = PBXFileReference; lastKnownFileType = file.storyboard; path = LogIO.storyboard; sourceTree = "<group>"; };
		5AE43DFE2568478300F27F5A /* LoginViewController.swift */ = {isa = PBXFileReference; lastKnownFileType = sourcecode.swift; path = LoginViewController.swift; sourceTree = "<group>"; };
		5AE43E05256847E500F27F5A /* LogoutViewController.swift */ = {isa = PBXFileReference; lastKnownFileType = sourcecode.swift; path = LogoutViewController.swift; sourceTree = "<group>"; };
		5AE43E49256CF0C200F27F5A /* terms_of_service_ViewController.swift */ = {isa = PBXFileReference; lastKnownFileType = sourcecode.swift; path = terms_of_service_ViewController.swift; sourceTree = "<group>"; };
		5AE43E4C256CF10B00F27F5A /* terms_of_service.storyboard */ = {isa = PBXFileReference; lastKnownFileType = file.storyboard; path = terms_of_service.storyboard; sourceTree = "<group>"; };
		5AE43E51256CF28D00F27F5A /* terms_of_service.html */ = {isa = PBXFileReference; lastKnownFileType = text.html; path = terms_of_service.html; sourceTree = "<group>"; };
		5AE43E54256CF29800F27F5A /* terms_of_service.css */ = {isa = PBXFileReference; lastKnownFileType = text.css; path = terms_of_service.css; sourceTree = "<group>"; };
		5AE43E5C256DB33B00F27F5A /* inquiry.html */ = {isa = PBXFileReference; lastKnownFileType = text.html; path = inquiry.html; sourceTree = "<group>"; };
		5AE43E60256DB34500F27F5A /* inquiry.css */ = {isa = PBXFileReference; lastKnownFileType = text.css; path = inquiry.css; sourceTree = "<group>"; };
		5AE43E64256DB36500F27F5A /* inquiry.storyboard */ = {isa = PBXFileReference; lastKnownFileType = file.storyboard; path = inquiry.storyboard; sourceTree = "<group>"; };
		5AE43E67256DB37E00F27F5A /* inquiryViewController.swift */ = {isa = PBXFileReference; lastKnownFileType = sourcecode.swift; path = inquiryViewController.swift; sourceTree = "<group>"; };
		5AE43E6A256DB63D00F27F5A /* inquiry.js */ = {isa = PBXFileReference; lastKnownFileType = sourcecode.javascript; path = inquiry.js; sourceTree = "<group>"; };
		5AE43E6D256FA85B00F27F5A /* infoViewController.swift */ = {isa = PBXFileReference; lastKnownFileType = sourcecode.swift; path = infoViewController.swift; sourceTree = "<group>"; };
		D5263820138CCBC062104038 /* Pods_study.framework */ = {isa = PBXFileReference; explicitFileType = wrapper.framework; includeInIndex = 0; path = Pods_study.framework; sourceTree = BUILT_PRODUCTS_DIR; };
/* End PBXFileReference section */

/* Begin PBXFrameworksBuildPhase section */
		5A0E684D24C515700095D605 /* Frameworks */ = {
			isa = PBXFrameworksBuildPhase;
			buildActionMask = 2147483647;
			files = (
				E603425F90563AD34A0C28DA /* Pods_study.framework in Frameworks */,
			);
			runOnlyForDeploymentPostprocessing = 0;
		};
/* End PBXFrameworksBuildPhase section */

/* Begin PBXGroup section */
		1BCB5B6096DFF6A716172F11 /* Pods */ = {
			isa = PBXGroup;
			children = (
				552E48418E4BEA27995C53D2 /* Pods-study.debug.xcconfig */,
				3A955596D7178F0747FE0E03 /* Pods-study.release.xcconfig */,
			);
			path = Pods;
			sourceTree = "<group>";
		};
		3D81B7235CA6C62C64748FB6 /* Frameworks */ = {
			isa = PBXGroup;
			children = (
				D5263820138CCBC062104038 /* Pods_study.framework */,
			);
			name = Frameworks;
			sourceTree = "<group>";
		};
		5A0E684724C515700095D605 = {
			isa = PBXGroup;
			children = (
				5A297DE825678A3E00CB8192 /* resource */,
				5A0E685224C515700095D605 /* study */,
				5A0E685124C515700095D605 /* Products */,
				1BCB5B6096DFF6A716172F11 /* Pods */,
				3D81B7235CA6C62C64748FB6 /* Frameworks */,
			);
			sourceTree = "<group>";
		};
		5A0E685124C515700095D605 /* Products */ = {
			isa = PBXGroup;
			children = (
				5A0E685024C515700095D605 /* ますラン.app */,
			);
			name = Products;
			sourceTree = "<group>";
		};
		5A0E685224C515700095D605 /* study */ = {
			isa = PBXGroup;
			children = (
				5A1517632503503C0075E8D8 /* settingPart */,
				5A15176125034FEB0075E8D8 /* MainPart */,
				5AA2A50125C84FFB0033BF8E /* my_objects */,
				5A1048DE24ECC5270023DDFE /* password.swift */,
				5A0E686124C515720095D605 /* Assets.xcassets */,
				5A0E686624C515720095D605 /* Info.plist */,
				5ABF906E24CF946F00878070 /* study.xcdatamodeld */,
				5A0E689324C79BA80095D605 /* readME.text */,
				5A26CB1225ACB3990055D429 /* GoogleService-Info.plist */,
			);
			path = study;
			sourceTree = "<group>";
		};
		5A15176125034FEB0075E8D8 /* MainPart */ = {
			isa = PBXGroup;
			children = (
				5A0E685324C515700095D605 /* AppDelegate.swift */,
				5A0E685824C515700095D605 /* SceneDelegate.swift */,
				5A0E685A24C515700095D605 /* MasterViewController.swift */,
				5A0E685C24C515700095D605 /* DetailViewController.swift */,
				5A0E685E24C515700095D605 /* Main.storyboard */,
				5A0E686324C515720095D605 /* LaunchScreen.storyboard */,
			);
			path = MainPart;
			sourceTree = "<group>";
		};
		5A1517632503503C0075E8D8 /* settingPart */ = {
			isa = PBXGroup;
			children = (
				5A297DDC2566F55E00CB8192 /* extras */,
				5A297DD62566697200CB8192 /* Login */,
				5A297DD32566108000CB8192 /* mainpart */,
			);
			path = settingPart;
			sourceTree = "<group>";
		};
		5A297DD32566108000CB8192 /* mainpart */ = {
			isa = PBXGroup;
			children = (
				5AABF88324DBFE5600F096A8 /* CustomPresentationController.swift */,
				5A1048AB24E126790023DDFE /* popupViewController.swift */,
				5A151766250359400075E8D8 /* settingViewController.swift */,
				5A1048A924E125D90023DDFE /* popup.storyboard */,
				5ACD0343250A309E0099E695 /* SETTING.storyboard */,
			);
			path = mainpart;
			sourceTree = "<group>";
		};
		5A297DD62566697200CB8192 /* Login */ = {
			isa = PBXGroup;
			children = (
				5AE43DFB2568476600F27F5A /* LogIO.storyboard */,
				5AE43DFE2568478300F27F5A /* LoginViewController.swift */,
				5AE43E05256847E500F27F5A /* LogoutViewController.swift */,
				5AE43E6D256FA85B00F27F5A /* infoViewController.swift */,
				5A711E9C257673AC00E2A6B6 /* SignUpViewController.swift */,
			);
			path = Login;
			sourceTree = "<group>";
		};
		5A297DDC2566F55E00CB8192 /* extras */ = {
			isa = PBXGroup;
			children = (
				5AE43E63256DB35700F27F5A /* inquiry */,
				5AE43E48256CF07C00F27F5A /* terms_of_service */,
				5A297DF7256797FF00CB8192 /* production_philosophy */,
				5A297DF5256797B500CB8192 /* privacy_policy */,
			);
			path = extras;
			sourceTree = "<group>";
		};
		5A297DE825678A3E00CB8192 /* resource */ = {
			isa = PBXGroup;
			children = (
				5AE43E5B256DB32400F27F5A /* inquiry */,
				5AE43E50256CF27600F27F5A /* terms_of_service */,
				5A297E0025679B2900CB8192 /* privacy_policy */,
				5A297DFF25679B1B00CB8192 /* production_philosophy */,
				5A18CC312590F99F0016AB5A /* ReadME_for_Resource.txt */,
			);
			path = resource;
			sourceTree = "<group>";
		};
		5A297DF5256797B500CB8192 /* privacy_policy */ = {
			isa = PBXGroup;
			children = (
				5A297DDE2566F67100CB8192 /* privacy_policyViewController.swift */,
				5A297DE12566F6DC00CB8192 /* privacy_policy.storyboard */,
			);
			path = privacy_policy;
			sourceTree = "<group>";
		};
		5A297DF7256797FF00CB8192 /* production_philosophy */ = {
			isa = PBXGroup;
			children = (
				5A297DF82567984F00CB8192 /* production_philosophyViewController.swift */,
				5A297DFC2567988A00CB8192 /* production_philosophy.storyboard */,
			);
			path = production_philosophy;
			sourceTree = "<group>";
		};
		5A297DFF25679B1B00CB8192 /* production_philosophy */ = {
			isa = PBXGroup;
			children = (
				5A297E0125679B7600CB8192 /* production_philosophy.html */,
				5A297E0525679B8600CB8192 /* production_philosophy.css */,
			);
			path = production_philosophy;
			sourceTree = "<group>";
		};
		5A297E0025679B2900CB8192 /* privacy_policy */ = {
			isa = PBXGroup;
			children = (
				5A297DE925678A6400CB8192 /* privacy_policy.html */,
				5A297DED2567910E00CB8192 /* privacy_policy.css */,
			);
			path = privacy_policy;
			sourceTree = "<group>";
		};
		5AA2A50125C84FFB0033BF8E /* my_objects */ = {
			isa = PBXGroup;
			children = (
				5A0E686C24C515FF0095D605 /* my_variables.swift */,
				5AA2A4F525C84F500033BF8E /* my_extensions.swift */,
				5AA2A4FA25C84F890033BF8E /* my_functions.swift */,
				5AA2A4FD25C84FA70033BF8E /* my_protocols.swift */,
			);
			path = my_objects;
			sourceTree = "<group>";
		};
		5AE43E48256CF07C00F27F5A /* terms_of_service */ = {
			isa = PBXGroup;
			children = (
				5AE43E49256CF0C200F27F5A /* terms_of_service_ViewController.swift */,
				5AE43E4C256CF10B00F27F5A /* terms_of_service.storyboard */,
			);
			path = terms_of_service;
			sourceTree = "<group>";
		};
		5AE43E50256CF27600F27F5A /* terms_of_service */ = {
			isa = PBXGroup;
			children = (
				5AE43E51256CF28D00F27F5A /* terms_of_service.html */,
				5AE43E54256CF29800F27F5A /* terms_of_service.css */,
			);
			path = terms_of_service;
			sourceTree = "<group>";
		};
		5AE43E5B256DB32400F27F5A /* inquiry */ = {
			isa = PBXGroup;
			children = (
				5AE43E5C256DB33B00F27F5A /* inquiry.html */,
				5AE43E60256DB34500F27F5A /* inquiry.css */,
				5AE43E6A256DB63D00F27F5A /* inquiry.js */,
			);
			path = inquiry;
			sourceTree = "<group>";
		};
		5AE43E63256DB35700F27F5A /* inquiry */ = {
			isa = PBXGroup;
			children = (
				5AE43E64256DB36500F27F5A /* inquiry.storyboard */,
				5AE43E67256DB37E00F27F5A /* inquiryViewController.swift */,
			);
			path = inquiry;
			sourceTree = "<group>";
		};
/* End PBXGroup section */

/* Begin PBXNativeTarget section */
		5A0E684F24C515700095D605 /* study */ = {
			isa = PBXNativeTarget;
			buildConfigurationList = 5A0E686924C515720095D605 /* Build configuration list for PBXNativeTarget "study" */;
			buildPhases = (
				4AF271E3AA924C7E02B0CA3F /* [CP] Check Pods Manifest.lock */,
				5A0E684C24C515700095D605 /* Sources */,
				5A0E684D24C515700095D605 /* Frameworks */,
				5A0E684E24C515700095D605 /* Resources */,
				FE230C58989D3A06FEE30706 /* [CP] Embed Pods Frameworks */,
			);
			buildRules = (
			);
			dependencies = (
			);
			name = study;
			productName = study;
			productReference = 5A0E685024C515700095D605 /* ますラン.app */;
			productType = "com.apple.product-type.application";
		};
/* End PBXNativeTarget section */

/* Begin PBXProject section */
		5A0E684824C515700095D605 /* Project object */ = {
			isa = PBXProject;
			attributes = {
				LastSwiftUpdateCheck = 1160;
				LastUpgradeCheck = 1220;
				ORGANIZATIONNAME = "渡辺奈央騎";
				TargetAttributes = {
					5A0E684F24C515700095D605 = {
						CreatedOnToolsVersion = 11.6;
					};
				};
			};
			buildConfigurationList = 5A0E684B24C515700095D605 /* Build configuration list for PBXProject "study" */;
			compatibilityVersion = "Xcode 9.3";
			developmentRegion = en;
			hasScannedForEncodings = 0;
			knownRegions = (
				en,
				Base,
				ja,
			);
			mainGroup = 5A0E684724C515700095D605;
			productRefGroup = 5A0E685124C515700095D605 /* Products */;
			projectDirPath = "";
			projectRoot = "";
			targets = (
				5A0E684F24C515700095D605 /* study */,
			);
		};
/* End PBXProject section */

/* Begin PBXResourcesBuildPhase section */
		5A0E684E24C515700095D605 /* Resources */ = {
			isa = PBXResourcesBuildPhase;
			buildActionMask = 2147483647;
			files = (
				5A0E689424C79BA80095D605 /* readME.text in Resources */,
				5AE43E4D256CF10B00F27F5A /* terms_of_service.storyboard in Resources */,
				5A297E0625679B8600CB8192 /* production_philosophy.css in Resources */,
				5A297E0225679B7600CB8192 /* production_philosophy.html in Resources */,
				5A18CC322590F99F0016AB5A /* ReadME_for_Resource.txt in Resources */,
				5A297DEA25678A6400CB8192 /* privacy_policy.html in Resources */,
				5AE43E52256CF28D00F27F5A /* terms_of_service.html in Resources */,
				5AE43E65256DB36500F27F5A /* inquiry.storyboard in Resources */,
				5AE43E5D256DB33B00F27F5A /* inquiry.html in Resources */,
				5A297DFD2567988A00CB8192 /* production_philosophy.storyboard in Resources */,
				5A297DE22566F6DC00CB8192 /* privacy_policy.storyboard in Resources */,
				5A0E686524C515720095D605 /* LaunchScreen.storyboard in Resources */,
				5A0E686224C515720095D605 /* Assets.xcassets in Resources */,
				5AE43E55256CF29800F27F5A /* terms_of_service.css in Resources */,
				5A0E686024C515700095D605 /* Main.storyboard in Resources */,
				5AE43E6B256DB63D00F27F5A /* inquiry.js in Resources */,
				5AE43E61256DB34500F27F5A /* inquiry.css in Resources */,
				5A297DEE2567910E00CB8192 /* privacy_policy.css in Resources */,
				5ACD0344250A309E0099E695 /* SETTING.storyboard in Resources */,
				5A26CB1325ACB3990055D429 /* GoogleService-Info.plist in Resources */,
				5A1048AA24E125D90023DDFE /* popup.storyboard in Resources */,
				5AE43DFC2568476600F27F5A /* LogIO.storyboard in Resources */,
			);
			runOnlyForDeploymentPostprocessing = 0;
		};
/* End PBXResourcesBuildPhase section */

/* Begin PBXShellScriptBuildPhase section */
		4AF271E3AA924C7E02B0CA3F /* [CP] Check Pods Manifest.lock */ = {
			isa = PBXShellScriptBuildPhase;
			buildActionMask = 2147483647;
			files = (
			);
			inputFileListPaths = (
			);
			inputPaths = (
				"${PODS_PODFILE_DIR_PATH}/Podfile.lock",
				"${PODS_ROOT}/Manifest.lock",
			);
			name = "[CP] Check Pods Manifest.lock";
			outputFileListPaths = (
			);
			outputPaths = (
				"$(DERIVED_FILE_DIR)/Pods-study-checkManifestLockResult.txt",
			);
			runOnlyForDeploymentPostprocessing = 0;
			shellPath = /bin/sh;
			shellScript = "diff \"${PODS_PODFILE_DIR_PATH}/Podfile.lock\" \"${PODS_ROOT}/Manifest.lock\" > /dev/null\nif [ $? != 0 ] ; then\n    # print error to STDERR\n    echo \"error: The sandbox is not in sync with the Podfile.lock. Run 'pod install' or update your CocoaPods installation.\" >&2\n    exit 1\nfi\n# This output is used by Xcode 'outputs' to avoid re-running this script phase.\necho \"SUCCESS\" > \"${SCRIPT_OUTPUT_FILE_0}\"\n";
			showEnvVarsInLog = 0;
		};
		FE230C58989D3A06FEE30706 /* [CP] Embed Pods Frameworks */ = {
			isa = PBXShellScriptBuildPhase;
			buildActionMask = 2147483647;
			files = (
			);
			inputFileListPaths = (
				"${PODS_ROOT}/Target Support Files/Pods-study/Pods-study-frameworks-${CONFIGURATION}-input-files.xcfilelist",
			);
			name = "[CP] Embed Pods Frameworks";
			outputFileListPaths = (
				"${PODS_ROOT}/Target Support Files/Pods-study/Pods-study-frameworks-${CONFIGURATION}-output-files.xcfilelist",
			);
			runOnlyForDeploymentPostprocessing = 0;
			shellPath = /bin/sh;
			shellScript = "\"${PODS_ROOT}/Target Support Files/Pods-study/Pods-study-frameworks.sh\"\n";
			showEnvVarsInLog = 0;
		};
/* End PBXShellScriptBuildPhase section */

/* Begin PBXSourcesBuildPhase section */
		5A0E684C24C515700095D605 /* Sources */ = {
			isa = PBXSourcesBuildPhase;
			buildActionMask = 2147483647;
			files = (
				5A0E685B24C515700095D605 /* MasterViewController.swift in Sources */,
				5AA2A4F625C84F500033BF8E /* my_extensions.swift in Sources */,
				5A0E685424C515700095D605 /* AppDelegate.swift in Sources */,
				5A297DDF2566F67100CB8192 /* privacy_policyViewController.swift in Sources */,
				5A0E685D24C515700095D605 /* DetailViewController.swift in Sources */,
				5AE43E06256847E500F27F5A /* LogoutViewController.swift in Sources */,
				5AE43E6E256FA85C00F27F5A /* infoViewController.swift in Sources */,
				5A711E9D257673AC00E2A6B6 /* SignUpViewController.swift in Sources */,
				5A297DF92567984F00CB8192 /* production_philosophyViewController.swift in Sources */,
				5AE43E68256DB37E00F27F5A /* inquiryViewController.swift in Sources */,
				5ABF907024CF946F00878070 /* study.xcdatamodeld in Sources */,
				5A0E685924C515700095D605 /* SceneDelegate.swift in Sources */,
				5AE43E4A256CF0C200F27F5A /* terms_of_service_ViewController.swift in Sources */,
				5A0E686D24C515FF0095D605 /* my_variables.swift in Sources */,
				5AABF88424DBFE5600F096A8 /* CustomPresentationController.swift in Sources */,
				5AA2A4FB25C84F890033BF8E /* my_functions.swift in Sources */,
				5A1048AC24E126790023DDFE /* popupViewController.swift in Sources */,
				5A151767250359400075E8D8 /* settingViewController.swift in Sources */,
				5AA2A4FE25C84FA70033BF8E /* my_protocols.swift in Sources */,
				5AE43DFF2568478300F27F5A /* LoginViewController.swift in Sources */,
				5A1048DF24ECC5270023DDFE /* password.swift in Sources */,
			);
			runOnlyForDeploymentPostprocessing = 0;
		};
/* End PBXSourcesBuildPhase section */

/* Begin PBXVariantGroup section */
		5A0E685E24C515700095D605 /* Main.storyboard */ = {
			isa = PBXVariantGroup;
			children = (
				5A0E685F24C515700095D605 /* Base */,
				5A26CAD425A103A20055D429 /* ja */,
			);
			name = Main.storyboard;
			sourceTree = "<group>";
		};
		5A0E686324C515720095D605 /* LaunchScreen.storyboard */ = {
			isa = PBXVariantGroup;
			children = (
				5A0E686424C515720095D605 /* Base */,
				5A26CAD525A103A30055D429 /* ja */,
			);
			name = LaunchScreen.storyboard;
			sourceTree = "<group>";
		};
/* End PBXVariantGroup section */

/* Begin XCBuildConfiguration section */
		5A0E686724C515720095D605 /* Debug */ = {
			isa = XCBuildConfiguration;
			buildSettings = {
				ALWAYS_SEARCH_USER_PATHS = NO;
				CLANG_ANALYZER_LOCALIZABILITY_NONLOCALIZED = YES;
				CLANG_ANALYZER_NONNULL = YES;
				CLANG_ANALYZER_NUMBER_OBJECT_CONVERSION = YES_AGGRESSIVE;
				CLANG_CXX_LANGUAGE_STANDARD = "gnu++14";
				CLANG_CXX_LIBRARY = "libc++";
				CLANG_ENABLE_MODULES = YES;
				CLANG_ENABLE_OBJC_ARC = YES;
				CLANG_ENABLE_OBJC_WEAK = YES;
				CLANG_WARN_BLOCK_CAPTURE_AUTORELEASING = YES;
				CLANG_WARN_BOOL_CONVERSION = YES;
				CLANG_WARN_COMMA = YES;
				CLANG_WARN_CONSTANT_CONVERSION = YES;
				CLANG_WARN_DEPRECATED_OBJC_IMPLEMENTATIONS = YES;
				CLANG_WARN_DIRECT_OBJC_ISA_USAGE = YES_ERROR;
				CLANG_WARN_DOCUMENTATION_COMMENTS = YES;
				CLANG_WARN_EMPTY_BODY = YES;
				CLANG_WARN_ENUM_CONVERSION = YES;
				CLANG_WARN_INFINITE_RECURSION = YES;
				CLANG_WARN_INT_CONVERSION = YES;
				CLANG_WARN_NON_LITERAL_NULL_CONVERSION = YES;
				CLANG_WARN_OBJC_IMPLICIT_RETAIN_SELF = YES;
				CLANG_WARN_OBJC_LITERAL_CONVERSION = YES;
				CLANG_WARN_OBJC_ROOT_CLASS = YES_ERROR;
				CLANG_WARN_QUOTED_INCLUDE_IN_FRAMEWORK_HEADER = YES;
				CLANG_WARN_RANGE_LOOP_ANALYSIS = YES;
				CLANG_WARN_STRICT_PROTOTYPES = YES;
				CLANG_WARN_SUSPICIOUS_MOVE = YES;
				CLANG_WARN_UNGUARDED_AVAILABILITY = YES_AGGRESSIVE;
				CLANG_WARN_UNREACHABLE_CODE = YES;
				CLANG_WARN__DUPLICATE_METHOD_MATCH = YES;
				COPY_PHASE_STRIP = NO;
				DEBUG_INFORMATION_FORMAT = dwarf;
				ENABLE_STRICT_OBJC_MSGSEND = YES;
				ENABLE_TESTABILITY = YES;
				GCC_C_LANGUAGE_STANDARD = gnu11;
				GCC_DYNAMIC_NO_PIC = NO;
				GCC_NO_COMMON_BLOCKS = YES;
				GCC_OPTIMIZATION_LEVEL = 0;
				GCC_PREPROCESSOR_DEFINITIONS = (
					"DEBUG=1",
					"$(inherited)",
				);
				GCC_WARN_64_TO_32_BIT_CONVERSION = YES;
				GCC_WARN_ABOUT_RETURN_TYPE = YES_ERROR;
				GCC_WARN_UNDECLARED_SELECTOR = YES;
				GCC_WARN_UNINITIALIZED_AUTOS = YES_AGGRESSIVE;
				GCC_WARN_UNUSED_FUNCTION = YES;
				GCC_WARN_UNUSED_VARIABLE = YES;
				IPHONEOS_DEPLOYMENT_TARGET = 13.0;
				MTL_ENABLE_DEBUG_INFO = INCLUDE_SOURCE;
				MTL_FAST_MATH = YES;
				ONLY_ACTIVE_ARCH = YES;
				SDKROOT = iphoneos;
				SWIFT_ACTIVE_COMPILATION_CONDITIONS = DEBUG;
				SWIFT_OPTIMIZATION_LEVEL = "-Onone";
			};
			name = Debug;
		};
		5A0E686824C515720095D605 /* Release */ = {
			isa = XCBuildConfiguration;
			buildSettings = {
				ALWAYS_SEARCH_USER_PATHS = NO;
				CLANG_ANALYZER_LOCALIZABILITY_NONLOCALIZED = YES;
				CLANG_ANALYZER_NONNULL = YES;
				CLANG_ANALYZER_NUMBER_OBJECT_CONVERSION = YES_AGGRESSIVE;
				CLANG_CXX_LANGUAGE_STANDARD = "gnu++14";
				CLANG_CXX_LIBRARY = "libc++";
				CLANG_ENABLE_MODULES = YES;
				CLANG_ENABLE_OBJC_ARC = YES;
				CLANG_ENABLE_OBJC_WEAK = YES;
				CLANG_WARN_BLOCK_CAPTURE_AUTORELEASING = YES;
				CLANG_WARN_BOOL_CONVERSION = YES;
				CLANG_WARN_COMMA = YES;
				CLANG_WARN_CONSTANT_CONVERSION = YES;
				CLANG_WARN_DEPRECATED_OBJC_IMPLEMENTATIONS = YES;
				CLANG_WARN_DIRECT_OBJC_ISA_USAGE = YES_ERROR;
				CLANG_WARN_DOCUMENTATION_COMMENTS = YES;
				CLANG_WARN_EMPTY_BODY = YES;
				CLANG_WARN_ENUM_CONVERSION = YES;
				CLANG_WARN_INFINITE_RECURSION = YES;
				CLANG_WARN_INT_CONVERSION = YES;
				CLANG_WARN_NON_LITERAL_NULL_CONVERSION = YES;
				CLANG_WARN_OBJC_IMPLICIT_RETAIN_SELF = YES;
				CLANG_WARN_OBJC_LITERAL_CONVERSION = YES;
				CLANG_WARN_OBJC_ROOT_CLASS = YES_ERROR;
				CLANG_WARN_QUOTED_INCLUDE_IN_FRAMEWORK_HEADER = YES;
				CLANG_WARN_RANGE_LOOP_ANALYSIS = YES;
				CLANG_WARN_STRICT_PROTOTYPES = YES;
				CLANG_WARN_SUSPICIOUS_MOVE = YES;
				CLANG_WARN_UNGUARDED_AVAILABILITY = YES_AGGRESSIVE;
				CLANG_WARN_UNREACHABLE_CODE = YES;
				CLANG_WARN__DUPLICATE_METHOD_MATCH = YES;
				COPY_PHASE_STRIP = NO;
				DEBUG_INFORMATION_FORMAT = "dwarf-with-dsym";
				ENABLE_NS_ASSERTIONS = NO;
				ENABLE_STRICT_OBJC_MSGSEND = YES;
				GCC_C_LANGUAGE_STANDARD = gnu11;
				GCC_NO_COMMON_BLOCKS = YES;
				GCC_WARN_64_TO_32_BIT_CONVERSION = YES;
				GCC_WARN_ABOUT_RETURN_TYPE = YES_ERROR;
				GCC_WARN_UNDECLARED_SELECTOR = YES;
				GCC_WARN_UNINITIALIZED_AUTOS = YES_AGGRESSIVE;
				GCC_WARN_UNUSED_FUNCTION = YES;
				GCC_WARN_UNUSED_VARIABLE = YES;
				IPHONEOS_DEPLOYMENT_TARGET = 13.0;
				MTL_ENABLE_DEBUG_INFO = NO;
				MTL_FAST_MATH = YES;
				SDKROOT = iphoneos;
				SWIFT_COMPILATION_MODE = wholemodule;
				SWIFT_OPTIMIZATION_LEVEL = "-O";
				VALIDATE_PRODUCT = YES;
			};
			name = Release;
		};
		5A0E686A24C515720095D605 /* Debug */ = {
			isa = XCBuildConfiguration;
			baseConfigurationReference = 552E48418E4BEA27995C53D2 /* Pods-study.debug.xcconfig */;
			buildSettings = {
				ASSETCATALOG_COMPILER_APPICON_NAME = AppIcon;
				CODE_SIGN_STYLE = Automatic;
				DEVELOPMENT_TEAM = 6TCT6K2UZ5;
				"EXCLUDED_ARCHS[sdk=iphonesimulator*]" = arm64;
				INFOPLIST_FILE = study/Info.plist;
				IPHONEOS_DEPLOYMENT_TARGET = 13.0;
				LD_RUNPATH_SEARCH_PATHS = (
					"$(inherited)",
					"@executable_path/Frameworks",
				);
				PRODUCT_BUNDLE_IDENTIFIER = com.watanao.study;
				PRODUCT_NAME = "ますラン";
				SWIFT_VERSION = 5.0;
				TARGETED_DEVICE_FAMILY = 1;
			};
			name = Debug;
		};
		5A0E686B24C515720095D605 /* Release */ = {
			isa = XCBuildConfiguration;
			baseConfigurationReference = 3A955596D7178F0747FE0E03 /* Pods-study.release.xcconfig */;
			buildSettings = {
				ASSETCATALOG_COMPILER_APPICON_NAME = AppIcon;
				CODE_SIGN_STYLE = Automatic;
				DEVELOPMENT_TEAM = 6TCT6K2UZ5;
				"EXCLUDED_ARCHS[sdk=iphonesimulator*]" = arm64;
				INFOPLIST_FILE = study/Info.plist;
				IPHONEOS_DEPLOYMENT_TARGET = 13.0;
				LD_RUNPATH_SEARCH_PATHS = (
					"$(inherited)",
					"@executable_path/Frameworks",
				);
				PRODUCT_BUNDLE_IDENTIFIER = com.watanao.study;
				PRODUCT_NAME = "ますラン";
				SWIFT_VERSION = 5.0;
				TARGETED_DEVICE_FAMILY = 1;
			};
			name = Release;
		};
/* End XCBuildConfiguration section */

/* Begin XCConfigurationList section */
		5A0E684B24C515700095D605 /* Build configuration list for PBXProject "study" */ = {
			isa = XCConfigurationList;
			buildConfigurations = (
				5A0E686724C515720095D605 /* Debug */,
				5A0E686824C515720095D605 /* Release */,
			);
			defaultConfigurationIsVisible = 0;
			defaultConfigurationName = Debug;
		};
		5A0E686924C515720095D605 /* Build configuration list for PBXNativeTarget "study" */ = {
			isa = XCConfigurationList;
			buildConfigurations = (
				5A0E686A24C515720095D605 /* Debug */,
				5A0E686B24C515720095D605 /* Release */,
			);
			defaultConfigurationIsVisible = 0;
			defaultConfigurationName = Debug;
		};
/* End XCConfigurationList section */

/* Begin XCVersionGroup section */
		5ABF906E24CF946F00878070 /* study.xcdatamodeld */ = {
			isa = XCVersionGroup;
			children = (
				5ABF906F24CF946F00878070 /* study.xcdatamodel */,
			);
			currentVersion = 5ABF906F24CF946F00878070 /* study.xcdatamodel */;
			path = study.xcdatamodeld;
			sourceTree = "<group>";
			versionGroupType = wrapper.xcdatamodel;
		};
/* End XCVersionGroup section */
	};
	rootObject = 5A0E684824C515700095D605 /* Project object */;
}
